
Microsoft Visual Studio Solution File, Format Version 12.00
# Visual Studio 15
VisualStudioVersion = 15.0.28307.168
MinimumVisualStudioVersion = 10.0.40219.1
Project("{FAE04EC0-301F-11D3-BF4B-00C04F79EFBC}") = "Redemption", "Redemption\Redemption.csproj", "{EF70B03C-9800-4C83-A3CB-1538FAA0B05F}"
EndProject
Project("{FAE04EC0-301F-11D3-BF4B-00C04F79EFBC}") = "ConfigEditor", "ConfigEditor\ConfigEditor.csproj", "{AB7B737D-6FD3-480F-A826-03FEFA94A498}"
EndProject
Project("{FAE04EC0-301F-11D3-BF4B-00C04F79EFBC}") = "LogViewer", "LogViewer\LogViewer.csproj", "{6743C8AB-C99A-4202-A8AD-BB40EFA8E040}"
EndProject
Project("{54435603-DBB4-11D2-8724-00A0C9A8B90C}") = "Setup", "Setup\Setup.vdproj", "{D09AED29-0047-4DFF-B084-95756ED3AA19}"
EndProject
Global
	GlobalSection(SolutionConfigurationPlatforms) = preSolution
		Debug|Any CPU = Debug|Any CPU
		Release|Any CPU = Release|Any CPU
	EndGlobalSection
	GlobalSection(ProjectConfigurationPlatforms) = postSolution
		{EF70B03C-9800-4C83-A3CB-1538FAA0B05F}.Debug|Any CPU.ActiveCfg = Debug|Any CPU
		{EF70B03C-9800-4C83-A3CB-1538FAA0B05F}.Debug|Any CPU.Build.0 = Debug|Any CPU
		{EF70B03C-9800-4C83-A3CB-1538FAA0B05F}.Release|Any CPU.ActiveCfg = Release|Any CPU
		{EF70B03C-9800-4C83-A3CB-1538FAA0B05F}.Release|Any CPU.Build.0 = Release|Any CPU
		{AB7B737D-6FD3-480F-A826-03FEFA94A498}.Debug|Any CPU.ActiveCfg = Debug|Any CPU
		{AB7B737D-6FD3-480F-A826-03FEFA94A498}.Debug|Any CPU.Build.0 = Debug|Any CPU
		{AB7B737D-6FD3-480F-A826-03FEFA94A498}.Release|Any CPU.ActiveCfg = Release|Any CPU
		{AB7B737D-6FD3-480F-A826-03FEFA94A498}.Release|Any CPU.Build.0 = Release|Any CPU
		{6743C8AB-C99A-4202-A8AD-BB40EFA8E040}.Debug|Any CPU.ActiveCfg = Debug|Any CPU
		{6743C8AB-C99A-4202-A8AD-BB40EFA8E040}.Debug|Any CPU.Build.0 = Debug|Any CPU
		{6743C8AB-C99A-4202-A8AD-BB40EFA8E040}.Release|Any CPU.ActiveCfg = Release|Any CPU
		{6743C8AB-C99A-4202-A8AD-BB40EFA8E040}.Release|Any CPU.Build.0 = Release|Any CPU
		{D09AED29-0047-4DFF-B084-95756ED3AA19}.Debug|Any CPU.ActiveCfg = Debug
		{D09AED29-0047-4DFF-B084-95756ED3AA19}.Release|Any CPU.ActiveCfg = Release
	EndGlobalSection
	GlobalSection(SolutionProperties) = preSolution
		HideSolutionNode = FALSE
	EndGlobalSection
	GlobalSection(ExtensibilityGlobals) = postSolution
		SolutionGuid = {F226609F-B053-4EFD-96B8-AFBE4EB47BCD}
	EndGlobalSection
EndGlobal
